// !$*UTF8*$!
{
	archiveVersion = 1;
	classes = {
	};
	objectVersion = 46;
	objects = {

/* Begin PBXBuildFile section */
		B7C1328F1F0345F2004F41DC /* AppDelegate.swift in Sources */ = {isa = PBXBuildFile; fileRef = B7C1328E1F0345F2004F41DC /* AppDelegate.swift */; };
		B7C132911F0345F2004F41DC /* ViewController.swift in Sources */ = {isa = PBXBuildFile; fileRef = B7C132901F0345F2004F41DC /* ViewController.swift */; };
		B7C132941F0345F2004F41DC /* Main.storyboard in Resources */ = {isa = PBXBuildFile; fileRef = B7C132921F0345F2004F41DC /* Main.storyboard */; };
		B7C132961F0345F2004F41DC /* Assets.xcassets in Resources */ = {isa = PBXBuildFile; fileRef = B7C132951F0345F2004F41DC /* Assets.xcassets */; };
		B7C132991F0345F2004F41DC /* LaunchScreen.storyboard in Resources */ = {isa = PBXBuildFile; fileRef = B7C132971F0345F2004F41DC /* LaunchScreen.storyboard */; };
/* End PBXBuildFile section */

/* Begin PBXFileReference section */
		B7C1328B1F0345F2004F41DC /* PlayHvZ.app */ = {isa = PBXFileReference; explicitFileType = wrapper.application; includeInIndex = 0; path = PlayHvZ.app; sourceTree = BUILT_PRODUCTS_DIR; };
		B7C1328E1F0345F2004F41DC /* AppDelegate.swift */ = {isa = PBXFileReference; lastKnownFileType = sourcecode.swift; path = AppDelegate.swift; sourceTree = "<group>"; };
		B7C132901F0345F2004F41DC /* ViewController.swift */ = {isa = PBXFileReference; lastKnownFileType = sourcecode.swift; path = ViewController.swift; sourceTree = "<group>"; };
		B7C132931F0345F2004F41DC /* Base */ = {isa = PBXFileReference; lastKnownFileType = file.storyboard; name = Base; path = Base.lproj/Main.storyboard; sourceTree = "<group>"; };
		B7C132951F0345F2004F41DC /* Assets.xcassets */ = {isa = PBXFileReference; lastKnownFileType = folder.assetcatalog; path = Assets.xcassets; sourceTree = "<group>"; };
		B7C132981F0345F2004F41DC /* Base */ = {isa = PBXFileReference; lastKnownFileType = file.storyboard; name = Base; path = Base.lproj/LaunchScreen.storyboard; sourceTree = "<group>"; };
		B7C1329A1F0345F2004F41DC /* Info.plist */ = {isa = PBXFileReference; lastKnownFileType = text.plist.xml; path = Info.plist; sourceTree = "<group>"; };
/* End PBXFileReference section */

/* Begin PBXFrameworksBuildPhase section */
		B7C132881F0345F2004F41DC /* Frameworks */ = {
			isa = PBXFrameworksBuildPhase;
			buildActionMask = 2147483647;
			files = (
			);
			runOnlyForDeploymentPostprocessing = 0;
		};
/* End PBXFrameworksBuildPhase section */

/* Begin PBXGroup section */
		B7C132821F0345F2004F41DC = {
			isa = PBXGroup;
			children = (
				B7C1328D1F0345F2004F41DC /* PlayHvZ */,
				B7C1328C1F0345F2004F41DC /* Products */,
			);
			sourceTree = "<group>";
		};
		B7C1328C1F0345F2004F41DC /* Products */ = {
			isa = PBXGroup;
			children = (
				B7C1328B1F0345F2004F41DC /* PlayHvZ.app */,
			);
			name = Products;
			sourceTree = "<group>";
		};
		B7C1328D1F0345F2004F41DC /* PlayHvZ */ = {
			isa = PBXGroup;
			children = (
				B7C1328E1F0345F2004F41DC /* AppDelegate.swift */,
				B7C132901F0345F2004F41DC /* ViewController.swift */,
				B7C132921F0345F2004F41DC /* Main.storyboard */,
				B7C132951F0345F2004F41DC /* Assets.xcassets */,
				B7C132971F0345F2004F41DC /* LaunchScreen.storyboard */,
				B7C1329A1F0345F2004F41DC /* Info.plist */,
			);
			path = PlayHvZ;
			sourceTree = "<group>";
		};
/* End PBXGroup section */

/* Begin PBXNativeTarget section */
		B7C1328A1F0345F2004F41DC /* PlayHvZ */ = {
			isa = PBXNativeTarget;
			buildConfigurationList = B7C1329D1F0345F2004F41DC /* Build configuration list for PBXNativeTarget "PlayHvZ" */;
			buildPhases = (
				B7C132871F0345F2004F41DC /* Sources */,
				B7C132881F0345F2004F41DC /* Frameworks */,
				B7C132891F0345F2004F41DC /* Resources */,
			);
			buildRules = (
			);
			dependencies = (
			);
			name = PlayHvZ;
			productName = PlayHvZ;
			productReference = B7C1328B1F0345F2004F41DC /* PlayHvZ.app */;
			productType = "com.apple.product-type.application";
		};
/* End PBXNativeTarget section */

/* Begin PBXProject section */
		B7C132831F0345F2004F41DC /* Project object */ = {
			isa = PBXProject;
			attributes = {
				LastSwiftUpdateCheck = 0800;
				LastUpgradeCheck = 0800;
				ORGANIZATIONNAME = PlayHvZ;
				TargetAttributes = {
					B7C1328A1F0345F2004F41DC = {
						CreatedOnToolsVersion = 8.0;
						ProvisioningStyle = Automatic;
					};
				};
			};
			buildConfigurationList = B7C132861F0345F2004F41DC /* Build configuration list for PBXProject "PlayHvZ" */;
			compatibilityVersion = "Xcode 3.2";
			developmentRegion = English;
			hasScannedForEncodings = 0;
			knownRegions = (
				en,
				Base,
			);
			mainGroup = B7C132821F0345F2004F41DC;
			productRefGroup = B7C1328C1F0345F2004F41DC /* Products */;
			projectDirPath = "";
			projectRoot = "";
			targets = (
				B7C1328A1F0345F2004F41DC /* PlayHvZ */,
			);
		};
/* End PBXProject section */

/* Begin PBXResourcesBuildPhase section */
		B7C132891F0345F2004F41DC /* Resources */ = {
			isa = PBXResourcesBuildPhase;
			buildActionMask = 2147483647;
			files = (
				B7C132991F0345F2004F41DC /* LaunchScreen.storyboard in Resources */,
				B7C132961F0345F2004F41DC /* Assets.xcassets in Resources */,
				B7C132941F0345F2004F41DC /* Main.storyboard in Resources */,
			);
			runOnlyForDeploymentPostprocessing = 0;
		};
/* End PBXResourcesBuildPhase section */

/* Begin PBXSourcesBuildPhase section */
		B7C132871F0345F2004F41DC /* Sources */ = {
			isa = PBXSourcesBuildPhase;
			buildActionMask = 2147483647;
			files = (
				B7C132911F0345F2004F41DC /* ViewController.swift in Sources */,
				B7C1328F1F0345F2004F41DC /* AppDelegate.swift in Sources */,
			);
			runOnlyForDeploymentPostprocessing = 0;
		};
/* End PBXSourcesBuildPhase section */

/* Begin PBXVariantGroup section */
		B7C132921F0345F2004F41DC /* Main.storyboard */ = {
			isa = PBXVariantGroup;
			children = (
				B7C132931F0345F2004F41DC /* Base */,
			);
			name = Main.storyboard;
			sourceTree = "<group>";
		};
		B7C132971F0345F2004F41DC /* LaunchScreen.storyboard */ = {
			isa = PBXVariantGroup;
			children = (
				B7C132981F0345F2004F41DC /* Base */,
			);
			name = LaunchScreen.storyboard;
			sourceTree = "<group>";
		};
/* End PBXVariantGroup section */

/* Begin XCBuildConfiguration section */
		B7C1329B1F0345F2004F41DC /* Debug */ = {
			isa = XCBuildConfiguration;
			buildSettings = {
				ALWAYS_SEARCH_USER_PATHS = NO;
				CLANG_ANALYZER_NONNULL = YES;
				CLANG_CXX_LANGUAGE_STANDARD = "gnu++0x";
				CLANG_CXX_LIBRARY = "libc++";
				CLANG_ENABLE_MODULES = YES;
				CLANG_ENABLE_OBJC_ARC = YES;
				CLANG_WARN_BOOL_CONVERSION = YES;
				CLANG_WARN_CONSTANT_CONVERSION = YES;
				CLANG_WARN_DIRECT_OBJC_ISA_USAGE = YES_ERROR;
				CLANG_WARN_DOCUMENTATION_COMMENTS = YES;
				CLANG_WARN_EMPTY_BODY = YES;
				CLANG_WARN_ENUM_CONVERSION = YES;
				CLANG_WARN_INT_CONVERSION = YES;
				CLANG_WARN_OBJC_ROOT_CLASS = YES_ERROR;
				CLANG_WARN_UNREACHABLE_CODE = YES;
				CLANG_WARN__DUPLICATE_METHOD_MATCH = YES;
				"CODE_SIGN_IDENTITY[sdk=iphoneos*]" = "iPhone Developer";
				COPY_PHASE_STRIP = NO;
				DEBUG_INFORMATION_FORMAT = dwarf;
				ENABLE_STRICT_OBJC_MSGSEND = YES;
				ENABLE_TESTABILITY = YES;
				GCC_C_LANGUAGE_STANDARD = gnu99;
				GCC_DYNAMIC_NO_PIC = NO;
				GCC_NO_COMMON_BLOCKS = YES;
				GCC_OPTIMIZATION_LEVEL = 0;
				GCC_PREPROCESSOR_DEFINITIONS = (
					"DEBUG=1",
					"$(inherited)",
				);
				GCC_WARN_64_TO_32_BIT_CONVERSION = YES;
				GCC_WARN_ABOUT_RETURN_TYPE = YES_ERROR;
				GCC_WARN_UNDECLARED_SELECTOR = YES;
				GCC_WARN_UNINITIALIZED_AUTOS = YES_AGGRESSIVE;
				GCC_WARN_UNUSED_FUNCTION = YES;
				GCC_WARN_UNUSED_VARIABLE = YES;
				IPHONEOS_DEPLOYMENT_TARGET = 10.0;
				MTL_ENABLE_DEBUG_INFO = YES;
				ONLY_ACTIVE_ARCH = YES;
				SDKROOT = iphoneos;
				SWIFT_ACTIVE_COMPILATION_CONDITIONS = DEBUG;
				SWIFT_OPTIMIZATION_LEVEL = "-Onone";
				TARGETED_DEVICE_FAMILY = "1,2";
			};
			name = Debug;
		};
		B7C1329C1F0345F2004F41DC /* Release */ = {
			isa = XCBuildConfiguration;
			buildSettings = {
				ALWAYS_SEARCH_USER_PATHS = NO;
				CLANG_ANALYZER_NONNULL = YES;
				CLANG_CXX_LANGUAGE_STANDARD = "gnu++0x";
				CLANG_CXX_LIBRARY = "libc++";
				CLANG_ENABLE_MODULES = YES;
				CLANG_ENABLE_OBJC_ARC = YES;
				CLANG_WARN_BOOL_CONVERSION = YES;
				CLANG_WARN_CONSTANT_CONVERSION = YES;
				CLANG_WARN_DIRECT_OBJC_ISA_USAGE = YES_ERROR;
				CLANG_WARN_DOCUMENTATION_COMMENTS = YES;
				CLANG_WARN_EMPTY_BODY = YES;
				CLANG_WARN_ENUM_CONVERSION = YES;
				CLANG_WARN_INT_CONVERSION = YES;
				CLANG_WARN_OBJC_ROOT_CLASS = YES_ERROR;
				CLANG_WARN_UNREACHABLE_CODE = YES;
				CLANG_WARN__DUPLICATE_METHOD_MATCH = YES;
				"CODE_SIGN_IDENTITY[sdk=iphoneos*]" = "iPhone Developer";
				COPY_PHASE_STRIP = NO;
				DEBUG_INFORMATION_FORMAT = "dwarf-with-dsym";
				ENABLE_NS_ASSERTIONS = NO;
				ENABLE_STRICT_OBJC_MSGSEND = YES;
				GCC_C_LANGUAGE_STANDARD = gnu99;
				GCC_NO_COMMON_BLOCKS = YES;
				GCC_WARN_64_TO_32_BIT_CONVERSION = YES;
				GCC_WARN_ABOUT_RETURN_TYPE = YES_ERROR;
				GCC_WARN_UNDECLARED_SELECTOR = YES;
				GCC_WARN_UNINITIALIZED_AUTOS = YES_AGGRESSIVE;
				GCC_WARN_UNUSED_FUNCTION = YES;
				GCC_WARN_UNUSED_VARIABLE = YES;
				IPHONEOS_DEPLOYMENT_TARGET = 10.0;
				MTL_ENABLE_DEBUG_INFO = NO;
				SDKROOT = iphoneos;
				SWIFT_OPTIMIZATION_LEVEL = "-Owholemodule";
				TARGETED_DEVICE_FAMILY = "1,2";
				VALIDATE_PRODUCT = YES;
			};
			name = Release;
		};
		B7C1329E1F0345F2004F41DC /* Debug */ = {
			isa = XCBuildConfiguration;
			buildSettings = {
				ASSETCATALOG_COMPILER_APPICON_NAME = AppIcon;
				INFOPLIST_FILE = PlayHvZ/Info.plist;
				LD_RUNPATH_SEARCH_PATHS = "$(inherited) @executable_path/Frameworks";
				PRODUCT_BUNDLE_IDENTIFIER = playhvz.PlayHvZ;
				PRODUCT_NAME = "$(TARGET_NAME)";
				SWIFT_VERSION = 3.0;
			};
			name = Debug;
		};
		B7C1329F1F0345F2004F41DC /* Release */ = {
			isa = XCBuildConfiguration;
			buildSettings = {
				ASSETCATALOG_COMPILER_APPICON_NAME = AppIcon;
				INFOPLIST_FILE = PlayHvZ/Info.plist;
				LD_RUNPATH_SEARCH_PATHS = "$(inherited) @executable_path/Frameworks";
				PRODUCT_BUNDLE_IDENTIFIER = playhvz.PlayHvZ;
				PRODUCT_NAME = "$(TARGET_NAME)";
				SWIFT_VERSION = 3.0;
			};
			name = Release;
		};
/* End XCBuildConfiguration section */

/* Begin XCConfigurationList section */
		B7C132861F0345F2004F41DC /* Build configuration list for PBXProject "PlayHvZ" */ = {
			isa = XCConfigurationList;
			buildConfigurations = (
				B7C1329B1F0345F2004F41DC /* Debug */,
				B7C1329C1F0345F2004F41DC /* Release */,
			);
			defaultConfigurationIsVisible = 0;
			defaultConfigurationName = Release;
		};
		B7C1329D1F0345F2004F41DC /* Build configuration list for PBXNativeTarget "PlayHvZ" */ = {
			isa = XCConfigurationList;
			buildConfigurations = (
				B7C1329E1F0345F2004F41DC /* Debug */,
				B7C1329F1F0345F2004F41DC /* Release */,
			);
			defaultConfigurationIsVisible = 0;
		};
/* End XCConfigurationList section */
	};
	rootObject = B7C132831F0345F2004F41DC /* Project object */;
}
