// !$*UTF8*$!
{
	archiveVersion = 1;
	classes = {
	};
	objectVersion = 46;
	objects = {

/* Begin PBXBuildFile section */
		1D0086F6E9BF1CEBA3EF39FF /* Pods_PlayHvZTests.framework in Frameworks */ = {isa = PBXBuildFile; fileRef = 822C9A6CD3A272F7C1A3FE86 /* Pods_PlayHvZTests.framework */; };
		66D28D208F720E866C9211F0 /* Pods_PlayHvZ.framework in Frameworks */ = {isa = PBXBuildFile; fileRef = 791FB7F42081986183DFBFCC /* Pods_PlayHvZ.framework */; };
		DE12A8141EEF65BA0092FB86 /* AppDelegate.swift in Sources */ = {isa = PBXBuildFile; fileRef = DE12A8131EEF65BA0092FB86 /* AppDelegate.swift */; };
		DE12A8161EEF65BA0092FB86 /* ViewController.swift in Sources */ = {isa = PBXBuildFile; fileRef = DE12A8151EEF65BA0092FB86 /* ViewController.swift */; };
		DE12A8191EEF65BA0092FB86 /* Main.storyboard in Resources */ = {isa = PBXBuildFile; fileRef = DE12A8171EEF65BA0092FB86 /* Main.storyboard */; };
		DE12A81B1EEF65BA0092FB86 /* Assets.xcassets in Resources */ = {isa = PBXBuildFile; fileRef = DE12A81A1EEF65BA0092FB86 /* Assets.xcassets */; };
		DE12A81E1EEF65BA0092FB86 /* LaunchScreen.storyboard in Resources */ = {isa = PBXBuildFile; fileRef = DE12A81C1EEF65BA0092FB86 /* LaunchScreen.storyboard */; };
		DE12A8291EEF65BA0092FB86 /* PlayHvZTests.swift in Sources */ = {isa = PBXBuildFile; fileRef = DE12A8281EEF65BA0092FB86 /* PlayHvZTests.swift */; };
		DE12A8341EEF65BA0092FB86 /* PlayHvZUITests.swift in Sources */ = {isa = PBXBuildFile; fileRef = DE12A8331EEF65BA0092FB86 /* PlayHvZUITests.swift */; };
		DE12A8421EEF680A0092FB86 /* GoogleService-Info.plist in Resources */ = {isa = PBXBuildFile; fileRef = DE12A8411EEF680A0092FB86 /* GoogleService-Info.plist */; };
		DF2221A0E7D7714CE0B119DF /* Pods_PlayHvZUITests.framework in Frameworks */ = {isa = PBXBuildFile; fileRef = 8BC5CD36527CC96ADCD4FFEC /* Pods_PlayHvZUITests.framework */; };
/* End PBXBuildFile section */

/* Begin PBXContainerItemProxy section */
		DE12A8251EEF65BA0092FB86 /* PBXContainerItemProxy */ = {
			isa = PBXContainerItemProxy;
			containerPortal = DE12A8081EEF65BA0092FB86 /* Project object */;
			proxyType = 1;
			remoteGlobalIDString = DE12A80F1EEF65BA0092FB86;
			remoteInfo = PlayHvZ;
		};
		DE12A8301EEF65BA0092FB86 /* PBXContainerItemProxy */ = {
			isa = PBXContainerItemProxy;
			containerPortal = DE12A8081EEF65BA0092FB86 /* Project object */;
			proxyType = 1;
			remoteGlobalIDString = DE12A80F1EEF65BA0092FB86;
			remoteInfo = PlayHvZ;
		};
/* End PBXContainerItemProxy section */

/* Begin PBXFileReference section */
		191B5D20EC0E6E0D3913FA83 /* Pods-PlayHvZTests.release.xcconfig */ = {isa = PBXFileReference; includeInIndex = 1; lastKnownFileType = text.xcconfig; name = "Pods-PlayHvZTests.release.xcconfig"; path = "Pods/Target Support Files/Pods-PlayHvZTests/Pods-PlayHvZTests.release.xcconfig"; sourceTree = "<group>"; };
		5554F4BAC37AEC7C27BC8705 /* Pods-PlayHvZUITests.release.xcconfig */ = {isa = PBXFileReference; includeInIndex = 1; lastKnownFileType = text.xcconfig; name = "Pods-PlayHvZUITests.release.xcconfig"; path = "Pods/Target Support Files/Pods-PlayHvZUITests/Pods-PlayHvZUITests.release.xcconfig"; sourceTree = "<group>"; };
		791FB7F42081986183DFBFCC /* Pods_PlayHvZ.framework */ = {isa = PBXFileReference; explicitFileType = wrapper.framework; includeInIndex = 0; path = Pods_PlayHvZ.framework; sourceTree = BUILT_PRODUCTS_DIR; };
		822C9A6CD3A272F7C1A3FE86 /* Pods_PlayHvZTests.framework */ = {isa = PBXFileReference; explicitFileType = wrapper.framework; includeInIndex = 0; path = Pods_PlayHvZTests.framework; sourceTree = BUILT_PRODUCTS_DIR; };
		8BC5CD36527CC96ADCD4FFEC /* Pods_PlayHvZUITests.framework */ = {isa = PBXFileReference; explicitFileType = wrapper.framework; includeInIndex = 0; path = Pods_PlayHvZUITests.framework; sourceTree = BUILT_PRODUCTS_DIR; };
		9E0668DC64045A314277E4D3 /* Pods-PlayHvZ.debug.xcconfig */ = {isa = PBXFileReference; includeInIndex = 1; lastKnownFileType = text.xcconfig; name = "Pods-PlayHvZ.debug.xcconfig"; path = "Pods/Target Support Files/Pods-PlayHvZ/Pods-PlayHvZ.debug.xcconfig"; sourceTree = "<group>"; };
		A5A3ABE7DCA9C5EE9470F4F8 /* Pods-PlayHvZ.release.xcconfig */ = {isa = PBXFileReference; includeInIndex = 1; lastKnownFileType = text.xcconfig; name = "Pods-PlayHvZ.release.xcconfig"; path = "Pods/Target Support Files/Pods-PlayHvZ/Pods-PlayHvZ.release.xcconfig"; sourceTree = "<group>"; };
		CDB29C7F7109CAF24F769DD4 /* Pods-PlayHvZTests.debug.xcconfig */ = {isa = PBXFileReference; includeInIndex = 1; lastKnownFileType = text.xcconfig; name = "Pods-PlayHvZTests.debug.xcconfig"; path = "Pods/Target Support Files/Pods-PlayHvZTests/Pods-PlayHvZTests.debug.xcconfig"; sourceTree = "<group>"; };
		D0BBF6E25A1B4B6E5E87807E /* Pods-PlayHvZUITests.debug.xcconfig */ = {isa = PBXFileReference; includeInIndex = 1; lastKnownFileType = text.xcconfig; name = "Pods-PlayHvZUITests.debug.xcconfig"; path = "Pods/Target Support Files/Pods-PlayHvZUITests/Pods-PlayHvZUITests.debug.xcconfig"; sourceTree = "<group>"; };
		DE12A8101EEF65BA0092FB86 /* PlayHvZ.app */ = {isa = PBXFileReference; explicitFileType = wrapper.application; includeInIndex = 0; path = PlayHvZ.app; sourceTree = BUILT_PRODUCTS_DIR; };
		DE12A8131EEF65BA0092FB86 /* AppDelegate.swift */ = {isa = PBXFileReference; lastKnownFileType = sourcecode.swift; path = AppDelegate.swift; sourceTree = "<group>"; };
		DE12A8151EEF65BA0092FB86 /* ViewController.swift */ = {isa = PBXFileReference; lastKnownFileType = sourcecode.swift; path = ViewController.swift; sourceTree = "<group>"; };
		DE12A8181EEF65BA0092FB86 /* Base */ = {isa = PBXFileReference; lastKnownFileType = file.storyboard; name = Base; path = Base.lproj/Main.storyboard; sourceTree = "<group>"; };
		DE12A81A1EEF65BA0092FB86 /* Assets.xcassets */ = {isa = PBXFileReference; lastKnownFileType = folder.assetcatalog; path = Assets.xcassets; sourceTree = "<group>"; };
		DE12A81D1EEF65BA0092FB86 /* Base */ = {isa = PBXFileReference; lastKnownFileType = file.storyboard; name = Base; path = Base.lproj/LaunchScreen.storyboard; sourceTree = "<group>"; };
		DE12A81F1EEF65BA0092FB86 /* Info.plist */ = {isa = PBXFileReference; lastKnownFileType = text.plist.xml; path = Info.plist; sourceTree = "<group>"; };
		DE12A8241EEF65BA0092FB86 /* PlayHvZTests.xctest */ = {isa = PBXFileReference; explicitFileType = wrapper.cfbundle; includeInIndex = 0; path = PlayHvZTests.xctest; sourceTree = BUILT_PRODUCTS_DIR; };
		DE12A8281EEF65BA0092FB86 /* PlayHvZTests.swift */ = {isa = PBXFileReference; lastKnownFileType = sourcecode.swift; path = PlayHvZTests.swift; sourceTree = "<group>"; };
		DE12A82A1EEF65BA0092FB86 /* Info.plist */ = {isa = PBXFileReference; lastKnownFileType = text.plist.xml; path = Info.plist; sourceTree = "<group>"; };
		DE12A82F1EEF65BA0092FB86 /* PlayHvZUITests.xctest */ = {isa = PBXFileReference; explicitFileType = wrapper.cfbundle; includeInIndex = 0; path = PlayHvZUITests.xctest; sourceTree = BUILT_PRODUCTS_DIR; };
		DE12A8331EEF65BA0092FB86 /* PlayHvZUITests.swift */ = {isa = PBXFileReference; lastKnownFileType = sourcecode.swift; path = PlayHvZUITests.swift; sourceTree = "<group>"; };
		DE12A8351EEF65BA0092FB86 /* Info.plist */ = {isa = PBXFileReference; lastKnownFileType = text.plist.xml; path = Info.plist; sourceTree = "<group>"; };
		DE12A8411EEF680A0092FB86 /* GoogleService-Info.plist */ = {isa = PBXFileReference; fileEncoding = 4; lastKnownFileType = text.plist.xml; name = "GoogleService-Info.plist"; path = "../../../../../../Downloads/GoogleService-Info.plist"; sourceTree = "<group>"; };
/* End PBXFileReference section */

/* Begin PBXFrameworksBuildPhase section */
		DE12A80D1EEF65BA0092FB86 /* Frameworks */ = {
			isa = PBXFrameworksBuildPhase;
			buildActionMask = 2147483647;
			files = (
				66D28D208F720E866C9211F0 /* Pods_PlayHvZ.framework in Frameworks */,
			);
			runOnlyForDeploymentPostprocessing = 0;
		};
		DE12A8211EEF65BA0092FB86 /* Frameworks */ = {
			isa = PBXFrameworksBuildPhase;
			buildActionMask = 2147483647;
			files = (
				1D0086F6E9BF1CEBA3EF39FF /* Pods_PlayHvZTests.framework in Frameworks */,
			);
			runOnlyForDeploymentPostprocessing = 0;
		};
		DE12A82C1EEF65BA0092FB86 /* Frameworks */ = {
			isa = PBXFrameworksBuildPhase;
			buildActionMask = 2147483647;
			files = (
				DF2221A0E7D7714CE0B119DF /* Pods_PlayHvZUITests.framework in Frameworks */,
			);
			runOnlyForDeploymentPostprocessing = 0;
		};
/* End PBXFrameworksBuildPhase section */

/* Begin PBXGroup section */
		2DA39B1D08AE89F0ECDEF57D /* Pods */ = {
			isa = PBXGroup;
			children = (
				9E0668DC64045A314277E4D3 /* Pods-PlayHvZ.debug.xcconfig */,
				A5A3ABE7DCA9C5EE9470F4F8 /* Pods-PlayHvZ.release.xcconfig */,
				CDB29C7F7109CAF24F769DD4 /* Pods-PlayHvZTests.debug.xcconfig */,
				191B5D20EC0E6E0D3913FA83 /* Pods-PlayHvZTests.release.xcconfig */,
				D0BBF6E25A1B4B6E5E87807E /* Pods-PlayHvZUITests.debug.xcconfig */,
				5554F4BAC37AEC7C27BC8705 /* Pods-PlayHvZUITests.release.xcconfig */,
			);
			name = Pods;
			sourceTree = "<group>";
		};
		AFCD7FDA13824E42F7207DEA /* Frameworks */ = {
			isa = PBXGroup;
			children = (
				791FB7F42081986183DFBFCC /* Pods_PlayHvZ.framework */,
				822C9A6CD3A272F7C1A3FE86 /* Pods_PlayHvZTests.framework */,
				8BC5CD36527CC96ADCD4FFEC /* Pods_PlayHvZUITests.framework */,
			);
			name = Frameworks;
			sourceTree = "<group>";
		};
		DE12A8071EEF65BA0092FB86 = {
			isa = PBXGroup;
			children = (
				DE12A8121EEF65BA0092FB86 /* PlayHvZ */,
				DE12A8271EEF65BA0092FB86 /* PlayHvZTests */,
				DE12A8321EEF65BA0092FB86 /* PlayHvZUITests */,
				DE12A8111EEF65BA0092FB86 /* Products */,
				2DA39B1D08AE89F0ECDEF57D /* Pods */,
				AFCD7FDA13824E42F7207DEA /* Frameworks */,
			);
			sourceTree = "<group>";
		};
		DE12A8111EEF65BA0092FB86 /* Products */ = {
			isa = PBXGroup;
			children = (
				DE12A8101EEF65BA0092FB86 /* PlayHvZ.app */,
				DE12A8241EEF65BA0092FB86 /* PlayHvZTests.xctest */,
				DE12A82F1EEF65BA0092FB86 /* PlayHvZUITests.xctest */,
			);
			name = Products;
			sourceTree = "<group>";
		};
		DE12A8121EEF65BA0092FB86 /* PlayHvZ */ = {
			isa = PBXGroup;
			children = (
				DE12A8131EEF65BA0092FB86 /* AppDelegate.swift */,
				DE12A8151EEF65BA0092FB86 /* ViewController.swift */,
				DE12A8171EEF65BA0092FB86 /* Main.storyboard */,
				DE12A81A1EEF65BA0092FB86 /* Assets.xcassets */,
				DE12A81C1EEF65BA0092FB86 /* LaunchScreen.storyboard */,
				DE12A81F1EEF65BA0092FB86 /* Info.plist */,
				DE12A8411EEF680A0092FB86 /* GoogleService-Info.plist */,
			);
			path = PlayHvZ;
			sourceTree = "<group>";
		};
		DE12A8271EEF65BA0092FB86 /* PlayHvZTests */ = {
			isa = PBXGroup;
			children = (
				DE12A8281EEF65BA0092FB86 /* PlayHvZTests.swift */,
				DE12A82A1EEF65BA0092FB86 /* Info.plist */,
			);
			path = PlayHvZTests;
			sourceTree = "<group>";
		};
		DE12A8321EEF65BA0092FB86 /* PlayHvZUITests */ = {
			isa = PBXGroup;
			children = (
				DE12A8331EEF65BA0092FB86 /* PlayHvZUITests.swift */,
				DE12A8351EEF65BA0092FB86 /* Info.plist */,
			);
			path = PlayHvZUITests;
			sourceTree = "<group>";
		};
/* End PBXGroup section */

/* Begin PBXNativeTarget section */
		DE12A80F1EEF65BA0092FB86 /* PlayHvZ */ = {
			isa = PBXNativeTarget;
			buildConfigurationList = DE12A8381EEF65BA0092FB86 /* Build configuration list for PBXNativeTarget "PlayHvZ" */;
			buildPhases = (
				FF8D1C54A87A95770BDBC4C1 /* [CP] Check Pods Manifest.lock */,
				DE12A80C1EEF65BA0092FB86 /* Sources */,
				DE12A80D1EEF65BA0092FB86 /* Frameworks */,
				DE12A80E1EEF65BA0092FB86 /* Resources */,
				4CAF8D46D2DDDDFB05E0F97B /* [CP] Embed Pods Frameworks */,
				70458072AD7F5B690D856C33 /* [CP] Copy Pods Resources */,
			);
			buildRules = (
			);
			dependencies = (
			);
			name = PlayHvZ;
			productName = PlayHvZ;
			productReference = DE12A8101EEF65BA0092FB86 /* PlayHvZ.app */;
			productType = "com.apple.product-type.application";
		};
		DE12A8231EEF65BA0092FB86 /* PlayHvZTests */ = {
			isa = PBXNativeTarget;
			buildConfigurationList = DE12A83B1EEF65BA0092FB86 /* Build configuration list for PBXNativeTarget "PlayHvZTests" */;
			buildPhases = (
				EA4492104F37491B09F054FB /* [CP] Check Pods Manifest.lock */,
				DE12A8201EEF65BA0092FB86 /* Sources */,
				DE12A8211EEF65BA0092FB86 /* Frameworks */,
				DE12A8221EEF65BA0092FB86 /* Resources */,
				DEABBFABA0C100E12DDD5C10 /* [CP] Embed Pods Frameworks */,
				F68438BB28B3A01244F103AF /* [CP] Copy Pods Resources */,
			);
			buildRules = (
			);
			dependencies = (
				DE12A8261EEF65BA0092FB86 /* PBXTargetDependency */,
			);
			name = PlayHvZTests;
			productName = PlayHvZTests;
			productReference = DE12A8241EEF65BA0092FB86 /* PlayHvZTests.xctest */;
			productType = "com.apple.product-type.bundle.unit-test";
		};
		DE12A82E1EEF65BA0092FB86 /* PlayHvZUITests */ = {
			isa = PBXNativeTarget;
			buildConfigurationList = DE12A83E1EEF65BA0092FB86 /* Build configuration list for PBXNativeTarget "PlayHvZUITests" */;
			buildPhases = (
				83F884D8061686B4CDFFC5E5 /* [CP] Check Pods Manifest.lock */,
				DE12A82B1EEF65BA0092FB86 /* Sources */,
				DE12A82C1EEF65BA0092FB86 /* Frameworks */,
				DE12A82D1EEF65BA0092FB86 /* Resources */,
				07B49A1462FF9005529929CB /* [CP] Embed Pods Frameworks */,
				408012D93383B3CCAEBE5552 /* [CP] Copy Pods Resources */,
			);
			buildRules = (
			);
			dependencies = (
				DE12A8311EEF65BA0092FB86 /* PBXTargetDependency */,
			);
			name = PlayHvZUITests;
			productName = PlayHvZUITests;
			productReference = DE12A82F1EEF65BA0092FB86 /* PlayHvZUITests.xctest */;
			productType = "com.apple.product-type.bundle.ui-testing";
		};
/* End PBXNativeTarget section */

/* Begin PBXProject section */
		DE12A8081EEF65BA0092FB86 /* Project object */ = {
			isa = PBXProject;
			attributes = {
				LastSwiftUpdateCheck = 0830;
				LastUpgradeCheck = 0830;
				ORGANIZATIONNAME = Google;
				TargetAttributes = {
					DE12A80F1EEF65BA0092FB86 = {
						CreatedOnToolsVersion = 8.3.2;
						ProvisioningStyle = Automatic;
					};
					DE12A8231EEF65BA0092FB86 = {
						CreatedOnToolsVersion = 8.3.2;
						ProvisioningStyle = Automatic;
						TestTargetID = DE12A80F1EEF65BA0092FB86;
					};
					DE12A82E1EEF65BA0092FB86 = {
						CreatedOnToolsVersion = 8.3.2;
						ProvisioningStyle = Automatic;
						TestTargetID = DE12A80F1EEF65BA0092FB86;
					};
				};
			};
			buildConfigurationList = DE12A80B1EEF65BA0092FB86 /* Build configuration list for PBXProject "PlayHvZ" */;
			compatibilityVersion = "Xcode 3.2";
			developmentRegion = English;
			hasScannedForEncodings = 0;
			knownRegions = (
				en,
				Base,
			);
			mainGroup = DE12A8071EEF65BA0092FB86;
			productRefGroup = DE12A8111EEF65BA0092FB86 /* Products */;
			projectDirPath = "";
			projectRoot = "";
			targets = (
				DE12A80F1EEF65BA0092FB86 /* PlayHvZ */,
				DE12A8231EEF65BA0092FB86 /* PlayHvZTests */,
				DE12A82E1EEF65BA0092FB86 /* PlayHvZUITests */,
			);
		};
/* End PBXProject section */

/* Begin PBXResourcesBuildPhase section */
		DE12A80E1EEF65BA0092FB86 /* Resources */ = {
			isa = PBXResourcesBuildPhase;
			buildActionMask = 2147483647;
			files = (
				DE12A81E1EEF65BA0092FB86 /* LaunchScreen.storyboard in Resources */,
				DE12A8421EEF680A0092FB86 /* GoogleService-Info.plist in Resources */,
				DE12A81B1EEF65BA0092FB86 /* Assets.xcassets in Resources */,
				DE12A8191EEF65BA0092FB86 /* Main.storyboard in Resources */,
			);
			runOnlyForDeploymentPostprocessing = 0;
		};
		DE12A8221EEF65BA0092FB86 /* Resources */ = {
			isa = PBXResourcesBuildPhase;
			buildActionMask = 2147483647;
			files = (
			);
			runOnlyForDeploymentPostprocessing = 0;
		};
		DE12A82D1EEF65BA0092FB86 /* Resources */ = {
			isa = PBXResourcesBuildPhase;
			buildActionMask = 2147483647;
			files = (
			);
			runOnlyForDeploymentPostprocessing = 0;
		};
/* End PBXResourcesBuildPhase section */

/* Begin PBXShellScriptBuildPhase section */
		07B49A1462FF9005529929CB /* [CP] Embed Pods Frameworks */ = {
			isa = PBXShellScriptBuildPhase;
			buildActionMask = 2147483647;
			files = (
			);
			inputPaths = (
			);
			name = "[CP] Embed Pods Frameworks";
			outputPaths = (
			);
			runOnlyForDeploymentPostprocessing = 0;
			shellPath = /bin/sh;
			shellScript = "\"${SRCROOT}/Pods/Target Support Files/Pods-PlayHvZUITests/Pods-PlayHvZUITests-frameworks.sh\"\n";
			showEnvVarsInLog = 0;
		};
		408012D93383B3CCAEBE5552 /* [CP] Copy Pods Resources */ = {
			isa = PBXShellScriptBuildPhase;
			buildActionMask = 2147483647;
			files = (
			);
			inputPaths = (
			);
			name = "[CP] Copy Pods Resources";
			outputPaths = (
			);
			runOnlyForDeploymentPostprocessing = 0;
			shellPath = /bin/sh;
			shellScript = "\"${SRCROOT}/Pods/Target Support Files/Pods-PlayHvZUITests/Pods-PlayHvZUITests-resources.sh\"\n";
			showEnvVarsInLog = 0;
		};
		4CAF8D46D2DDDDFB05E0F97B /* [CP] Embed Pods Frameworks */ = {
			isa = PBXShellScriptBuildPhase;
			buildActionMask = 2147483647;
			files = (
			);
			inputPaths = (
			);
			name = "[CP] Embed Pods Frameworks";
			outputPaths = (
			);
			runOnlyForDeploymentPostprocessing = 0;
			shellPath = /bin/sh;
			shellScript = "\"${SRCROOT}/Pods/Target Support Files/Pods-PlayHvZ/Pods-PlayHvZ-frameworks.sh\"\n";
			showEnvVarsInLog = 0;
		};
		70458072AD7F5B690D856C33 /* [CP] Copy Pods Resources */ = {
			isa = PBXShellScriptBuildPhase;
			buildActionMask = 2147483647;
			files = (
			);
			inputPaths = (
			);
			name = "[CP] Copy Pods Resources";
			outputPaths = (
			);
			runOnlyForDeploymentPostprocessing = 0;
			shellPath = /bin/sh;
			shellScript = "\"${SRCROOT}/Pods/Target Support Files/Pods-PlayHvZ/Pods-PlayHvZ-resources.sh\"\n";
			showEnvVarsInLog = 0;
		};
		83F884D8061686B4CDFFC5E5 /* [CP] Check Pods Manifest.lock */ = {
			isa = PBXShellScriptBuildPhase;
			buildActionMask = 2147483647;
			files = (
			);
			inputPaths = (
			);
			name = "[CP] Check Pods Manifest.lock";
			outputPaths = (
			);
			runOnlyForDeploymentPostprocessing = 0;
			shellPath = /bin/sh;
			shellScript = "diff \"${PODS_PODFILE_DIR_PATH}/Podfile.lock\" \"${PODS_ROOT}/Manifest.lock\" > /dev/null\nif [ $? != 0 ] ; then\n    # print error to STDERR\n    echo \"error: The sandbox is not in sync with the Podfile.lock. Run 'pod install' or update your CocoaPods installation.\" >&2\n    exit 1\nfi\n";
			showEnvVarsInLog = 0;
		};
		DEABBFABA0C100E12DDD5C10 /* [CP] Embed Pods Frameworks */ = {
			isa = PBXShellScriptBuildPhase;
			buildActionMask = 2147483647;
			files = (
			);
			inputPaths = (
			);
			name = "[CP] Embed Pods Frameworks";
			outputPaths = (
			);
			runOnlyForDeploymentPostprocessing = 0;
			shellPath = /bin/sh;
			shellScript = "\"${SRCROOT}/Pods/Target Support Files/Pods-PlayHvZTests/Pods-PlayHvZTests-frameworks.sh\"\n";
			showEnvVarsInLog = 0;
		};
		EA4492104F37491B09F054FB /* [CP] Check Pods Manifest.lock */ = {
			isa = PBXShellScriptBuildPhase;
			buildActionMask = 2147483647;
			files = (
			);
			inputPaths = (
			);
			name = "[CP] Check Pods Manifest.lock";
			outputPaths = (
			);
			runOnlyForDeploymentPostprocessing = 0;
			shellPath = /bin/sh;
			shellScript = "diff \"${PODS_PODFILE_DIR_PATH}/Podfile.lock\" \"${PODS_ROOT}/Manifest.lock\" > /dev/null\nif [ $? != 0 ] ; then\n    # print error to STDERR\n    echo \"error: The sandbox is not in sync with the Podfile.lock. Run 'pod install' or update your CocoaPods installation.\" >&2\n    exit 1\nfi\n";
			showEnvVarsInLog = 0;
		};
		F68438BB28B3A01244F103AF /* [CP] Copy Pods Resources */ = {
			isa = PBXShellScriptBuildPhase;
			buildActionMask = 2147483647;
			files = (
			);
			inputPaths = (
			);
			name = "[CP] Copy Pods Resources";
			outputPaths = (
			);
			runOnlyForDeploymentPostprocessing = 0;
			shellPath = /bin/sh;
			shellScript = "\"${SRCROOT}/Pods/Target Support Files/Pods-PlayHvZTests/Pods-PlayHvZTests-resources.sh\"\n";
			showEnvVarsInLog = 0;
		};
		FF8D1C54A87A95770BDBC4C1 /* [CP] Check Pods Manifest.lock */ = {
			isa = PBXShellScriptBuildPhase;
			buildActionMask = 2147483647;
			files = (
			);
			inputPaths = (
			);
			name = "[CP] Check Pods Manifest.lock";
			outputPaths = (
			);
			runOnlyForDeploymentPostprocessing = 0;
			shellPath = /bin/sh;
			shellScript = "diff \"${PODS_PODFILE_DIR_PATH}/Podfile.lock\" \"${PODS_ROOT}/Manifest.lock\" > /dev/null\nif [ $? != 0 ] ; then\n    # print error to STDERR\n    echo \"error: The sandbox is not in sync with the Podfile.lock. Run 'pod install' or update your CocoaPods installation.\" >&2\n    exit 1\nfi\n";
			showEnvVarsInLog = 0;
		};
/* End PBXShellScriptBuildPhase section */

/* Begin PBXSourcesBuildPhase section */
		DE12A80C1EEF65BA0092FB86 /* Sources */ = {
			isa = PBXSourcesBuildPhase;
			buildActionMask = 2147483647;
			files = (
				DE12A8161EEF65BA0092FB86 /* ViewController.swift in Sources */,
				DE12A8141EEF65BA0092FB86 /* AppDelegate.swift in Sources */,
			);
			runOnlyForDeploymentPostprocessing = 0;
		};
		DE12A8201EEF65BA0092FB86 /* Sources */ = {
			isa = PBXSourcesBuildPhase;
			buildActionMask = 2147483647;
			files = (
				DE12A8291EEF65BA0092FB86 /* PlayHvZTests.swift in Sources */,
			);
			runOnlyForDeploymentPostprocessing = 0;
		};
		DE12A82B1EEF65BA0092FB86 /* Sources */ = {
			isa = PBXSourcesBuildPhase;
			buildActionMask = 2147483647;
			files = (
				DE12A8341EEF65BA0092FB86 /* PlayHvZUITests.swift in Sources */,
			);
			runOnlyForDeploymentPostprocessing = 0;
		};
/* End PBXSourcesBuildPhase section */

/* Begin PBXTargetDependency section */
		DE12A8261EEF65BA0092FB86 /* PBXTargetDependency */ = {
			isa = PBXTargetDependency;
			target = DE12A80F1EEF65BA0092FB86 /* PlayHvZ */;
			targetProxy = DE12A8251EEF65BA0092FB86 /* PBXContainerItemProxy */;
		};
		DE12A8311EEF65BA0092FB86 /* PBXTargetDependency */ = {
			isa = PBXTargetDependency;
			target = DE12A80F1EEF65BA0092FB86 /* PlayHvZ */;
			targetProxy = DE12A8301EEF65BA0092FB86 /* PBXContainerItemProxy */;
		};
/* End PBXTargetDependency section */

/* Begin PBXVariantGroup section */
		DE12A8171EEF65BA0092FB86 /* Main.storyboard */ = {
			isa = PBXVariantGroup;
			children = (
				DE12A8181EEF65BA0092FB86 /* Base */,
			);
			name = Main.storyboard;
			sourceTree = "<group>";
		};
		DE12A81C1EEF65BA0092FB86 /* LaunchScreen.storyboard */ = {
			isa = PBXVariantGroup;
			children = (
				DE12A81D1EEF65BA0092FB86 /* Base */,
			);
			name = LaunchScreen.storyboard;
			sourceTree = "<group>";
		};
/* End PBXVariantGroup section */

/* Begin XCBuildConfiguration section */
		DE12A8361EEF65BA0092FB86 /* Debug */ = {
			isa = XCBuildConfiguration;
			buildSettings = {
				ALWAYS_SEARCH_USER_PATHS = NO;
				CLANG_ANALYZER_NONNULL = YES;
				CLANG_ANALYZER_NUMBER_OBJECT_CONVERSION = YES_AGGRESSIVE;
				CLANG_CXX_LANGUAGE_STANDARD = "gnu++0x";
				CLANG_CXX_LIBRARY = "libc++";
				CLANG_ENABLE_MODULES = YES;
				CLANG_ENABLE_OBJC_ARC = YES;
				CLANG_WARN_BOOL_CONVERSION = YES;
				CLANG_WARN_CONSTANT_CONVERSION = YES;
				CLANG_WARN_DIRECT_OBJC_ISA_USAGE = YES_ERROR;
				CLANG_WARN_DOCUMENTATION_COMMENTS = YES;
				CLANG_WARN_EMPTY_BODY = YES;
				CLANG_WARN_ENUM_CONVERSION = YES;
				CLANG_WARN_INFINITE_RECURSION = YES;
				CLANG_WARN_INT_CONVERSION = YES;
				CLANG_WARN_OBJC_ROOT_CLASS = YES_ERROR;
				CLANG_WARN_SUSPICIOUS_MOVE = YES;
				CLANG_WARN_UNREACHABLE_CODE = YES;
				CLANG_WARN__DUPLICATE_METHOD_MATCH = YES;
				"CODE_SIGN_IDENTITY[sdk=iphoneos*]" = "iPhone Developer";
				COPY_PHASE_STRIP = NO;
				DEBUG_INFORMATION_FORMAT = dwarf;
				ENABLE_STRICT_OBJC_MSGSEND = YES;
				ENABLE_TESTABILITY = YES;
				GCC_C_LANGUAGE_STANDARD = gnu99;
				GCC_DYNAMIC_NO_PIC = NO;
				GCC_NO_COMMON_BLOCKS = YES;
				GCC_OPTIMIZATION_LEVEL = 0;
				GCC_PREPROCESSOR_DEFINITIONS = (
					"DEBUG=1",
					"$(inherited)",
				);
				GCC_WARN_64_TO_32_BIT_CONVERSION = YES;
				GCC_WARN_ABOUT_RETURN_TYPE = YES_ERROR;
				GCC_WARN_UNDECLARED_SELECTOR = YES;
				GCC_WARN_UNINITIALIZED_AUTOS = YES_AGGRESSIVE;
				GCC_WARN_UNUSED_FUNCTION = YES;
				GCC_WARN_UNUSED_VARIABLE = YES;
				IPHONEOS_DEPLOYMENT_TARGET = 10.3;
				MTL_ENABLE_DEBUG_INFO = YES;
				ONLY_ACTIVE_ARCH = YES;
				SDKROOT = iphoneos;
				SWIFT_ACTIVE_COMPILATION_CONDITIONS = DEBUG;
				SWIFT_OPTIMIZATION_LEVEL = "-Onone";
				TARGETED_DEVICE_FAMILY = "1,2";
			};
			name = Debug;
		};
		DE12A8371EEF65BA0092FB86 /* Release */ = {
			isa = XCBuildConfiguration;
			buildSettings = {
				ALWAYS_SEARCH_USER_PATHS = NO;
				CLANG_ANALYZER_NONNULL = YES;
				CLANG_ANALYZER_NUMBER_OBJECT_CONVERSION = YES_AGGRESSIVE;
				CLANG_CXX_LANGUAGE_STANDARD = "gnu++0x";
				CLANG_CXX_LIBRARY = "libc++";
				CLANG_ENABLE_MODULES = YES;
				CLANG_ENABLE_OBJC_ARC = YES;
				CLANG_WARN_BOOL_CONVERSION = YES;
				CLANG_WARN_CONSTANT_CONVERSION = YES;
				CLANG_WARN_DIRECT_OBJC_ISA_USAGE = YES_ERROR;
				CLANG_WARN_DOCUMENTATION_COMMENTS = YES;
				CLANG_WARN_EMPTY_BODY = YES;
				CLANG_WARN_ENUM_CONVERSION = YES;
				CLANG_WARN_INFINITE_RECURSION = YES;
				CLANG_WARN_INT_CONVERSION = YES;
				CLANG_WARN_OBJC_ROOT_CLASS = YES_ERROR;
				CLANG_WARN_SUSPICIOUS_MOVE = YES;
				CLANG_WARN_UNREACHABLE_CODE = YES;
				CLANG_WARN__DUPLICATE_METHOD_MATCH = YES;
				"CODE_SIGN_IDENTITY[sdk=iphoneos*]" = "iPhone Developer";
				COPY_PHASE_STRIP = NO;
				DEBUG_INFORMATION_FORMAT = "dwarf-with-dsym";
				ENABLE_NS_ASSERTIONS = NO;
				ENABLE_STRICT_OBJC_MSGSEND = YES;
				GCC_C_LANGUAGE_STANDARD = gnu99;
				GCC_NO_COMMON_BLOCKS = YES;
				GCC_WARN_64_TO_32_BIT_CONVERSION = YES;
				GCC_WARN_ABOUT_RETURN_TYPE = YES_ERROR;
				GCC_WARN_UNDECLARED_SELECTOR = YES;
				GCC_WARN_UNINITIALIZED_AUTOS = YES_AGGRESSIVE;
				GCC_WARN_UNUSED_FUNCTION = YES;
				GCC_WARN_UNUSED_VARIABLE = YES;
				IPHONEOS_DEPLOYMENT_TARGET = 10.3;
				MTL_ENABLE_DEBUG_INFO = NO;
				SDKROOT = iphoneos;
				SWIFT_OPTIMIZATION_LEVEL = "-Owholemodule";
				TARGETED_DEVICE_FAMILY = "1,2";
				VALIDATE_PRODUCT = YES;
			};
			name = Release;
		};
		DE12A8391EEF65BA0092FB86 /* Debug */ = {
			isa = XCBuildConfiguration;
			baseConfigurationReference = 9E0668DC64045A314277E4D3 /* Pods-PlayHvZ.debug.xcconfig */;
			buildSettings = {
				ASSETCATALOG_COMPILER_APPICON_NAME = AppIcon;
				INFOPLIST_FILE = PlayHvZ/Info.plist;
				LD_RUNPATH_SEARCH_PATHS = "$(inherited) @executable_path/Frameworks";
				PRODUCT_BUNDLE_IDENTIFIER = Google.PlayHvZ;
				PRODUCT_NAME = "$(TARGET_NAME)";
				SWIFT_VERSION = 3.0;
			};
			name = Debug;
		};
		DE12A83A1EEF65BA0092FB86 /* Release */ = {
			isa = XCBuildConfiguration;
			baseConfigurationReference = A5A3ABE7DCA9C5EE9470F4F8 /* Pods-PlayHvZ.release.xcconfig */;
			buildSettings = {
				ASSETCATALOG_COMPILER_APPICON_NAME = AppIcon;
				INFOPLIST_FILE = PlayHvZ/Info.plist;
				LD_RUNPATH_SEARCH_PATHS = "$(inherited) @executable_path/Frameworks";
				PRODUCT_BUNDLE_IDENTIFIER = Google.PlayHvZ;
				PRODUCT_NAME = "$(TARGET_NAME)";
				SWIFT_VERSION = 3.0;
			};
			name = Release;
		};
		DE12A83C1EEF65BA0092FB86 /* Debug */ = {
			isa = XCBuildConfiguration;
			baseConfigurationReference = CDB29C7F7109CAF24F769DD4 /* Pods-PlayHvZTests.debug.xcconfig */;
			buildSettings = {
				ALWAYS_EMBED_SWIFT_STANDARD_LIBRARIES = YES;
				BUNDLE_LOADER = "$(TEST_HOST)";
				INFOPLIST_FILE = PlayHvZTests/Info.plist;
				LD_RUNPATH_SEARCH_PATHS = "$(inherited) @executable_path/Frameworks @loader_path/Frameworks";
				PRODUCT_BUNDLE_IDENTIFIER = Google.PlayHvZTests;
				PRODUCT_NAME = "$(TARGET_NAME)";
				SWIFT_VERSION = 3.0;
				TEST_HOST = "$(BUILT_PRODUCTS_DIR)/PlayHvZ.app/PlayHvZ";
			};
			name = Debug;
		};
		DE12A83D1EEF65BA0092FB86 /* Release */ = {
			isa = XCBuildConfiguration;
			baseConfigurationReference = 191B5D20EC0E6E0D3913FA83 /* Pods-PlayHvZTests.release.xcconfig */;
			buildSettings = {
				ALWAYS_EMBED_SWIFT_STANDARD_LIBRARIES = YES;
				BUNDLE_LOADER = "$(TEST_HOST)";
				INFOPLIST_FILE = PlayHvZTests/Info.plist;
				LD_RUNPATH_SEARCH_PATHS = "$(inherited) @executable_path/Frameworks @loader_path/Frameworks";
				PRODUCT_BUNDLE_IDENTIFIER = Google.PlayHvZTests;
				PRODUCT_NAME = "$(TARGET_NAME)";
				SWIFT_VERSION = 3.0;
				TEST_HOST = "$(BUILT_PRODUCTS_DIR)/PlayHvZ.app/PlayHvZ";
			};
			name = Release;
		};
		DE12A83F1EEF65BA0092FB86 /* Debug */ = {
			isa = XCBuildConfiguration;
			baseConfigurationReference = D0BBF6E25A1B4B6E5E87807E /* Pods-PlayHvZUITests.debug.xcconfig */;
			buildSettings = {
				ALWAYS_EMBED_SWIFT_STANDARD_LIBRARIES = YES;
				INFOPLIST_FILE = PlayHvZUITests/Info.plist;
				LD_RUNPATH_SEARCH_PATHS = "$(inherited) @executable_path/Frameworks @loader_path/Frameworks";
				PRODUCT_BUNDLE_IDENTIFIER = Google.PlayHvZUITests;
				PRODUCT_NAME = "$(TARGET_NAME)";
				SWIFT_VERSION = 3.0;
				TEST_TARGET_NAME = PlayHvZ;
			};
			name = Debug;
		};
		DE12A8401EEF65BA0092FB86 /* Release */ = {
			isa = XCBuildConfiguration;
			baseConfigurationReference = 5554F4BAC37AEC7C27BC8705 /* Pods-PlayHvZUITests.release.xcconfig */;
			buildSettings = {
				ALWAYS_EMBED_SWIFT_STANDARD_LIBRARIES = YES;
				INFOPLIST_FILE = PlayHvZUITests/Info.plist;
				LD_RUNPATH_SEARCH_PATHS = "$(inherited) @executable_path/Frameworks @loader_path/Frameworks";
				PRODUCT_BUNDLE_IDENTIFIER = Google.PlayHvZUITests;
				PRODUCT_NAME = "$(TARGET_NAME)";
				SWIFT_VERSION = 3.0;
				TEST_TARGET_NAME = PlayHvZ;
			};
			name = Release;
		};
/* End XCBuildConfiguration section */

/* Begin XCConfigurationList section */
		DE12A80B1EEF65BA0092FB86 /* Build configuration list for PBXProject "PlayHvZ" */ = {
			isa = XCConfigurationList;
			buildConfigurations = (
				DE12A8361EEF65BA0092FB86 /* Debug */,
				DE12A8371EEF65BA0092FB86 /* Release */,
			);
			defaultConfigurationIsVisible = 0;
			defaultConfigurationName = Release;
		};
		DE12A8381EEF65BA0092FB86 /* Build configuration list for PBXNativeTarget "PlayHvZ" */ = {
			isa = XCConfigurationList;
			buildConfigurations = (
				DE12A8391EEF65BA0092FB86 /* Debug */,
				DE12A83A1EEF65BA0092FB86 /* Release */,
			);
			defaultConfigurationIsVisible = 0;
			defaultConfigurationName = Release;
		};
		DE12A83B1EEF65BA0092FB86 /* Build configuration list for PBXNativeTarget "PlayHvZTests" */ = {
			isa = XCConfigurationList;
			buildConfigurations = (
				DE12A83C1EEF65BA0092FB86 /* Debug */,
				DE12A83D1EEF65BA0092FB86 /* Release */,
			);
			defaultConfigurationIsVisible = 0;
			defaultConfigurationName = Release;
		};
		DE12A83E1EEF65BA0092FB86 /* Build configuration list for PBXNativeTarget "PlayHvZUITests" */ = {
			isa = XCConfigurationList;
			buildConfigurations = (
				DE12A83F1EEF65BA0092FB86 /* Debug */,
				DE12A8401EEF65BA0092FB86 /* Release */,
			);
			defaultConfigurationIsVisible = 0;
			defaultConfigurationName = Release;
		};
/* End XCConfigurationList section */
	};
	rootObject = DE12A8081EEF65BA0092FB86 /* Project object */;
}
